
Microsoft Visual Studio Solution File, Format Version 12.00
# Visual Studio Version 17
VisualStudioVersion = 17.8.34525.116
MinimumVisualStudioVersion = 10.0.40219.1
Project("{FAE04EC0-301F-11D3-BF4B-00C04F79EFBC}") = "Task6", "Task6\Task6.csproj", "{4EB3F0AA-61D2-4CCE-AA6B-18D054F3FDB5}"
EndProject
Global
	GlobalSection(SolutionConfigurationPlatforms) = preSolution
		Debug|Any CPU = Debug|Any CPU
		Release|Any CPU = Release|Any CPU
	EndGlobalSection
	GlobalSection(ProjectConfigurationPlatforms) = postSolution
		{4EB3F0AA-61D2-4CCE-AA6B-18D054F3FDB5}.Debug|Any CPU.ActiveCfg = Debug|Any CPU
		{4EB3F0AA-61D2-4CCE-AA6B-18D054F3FDB5}.Debug|Any CPU.Build.0 = Debug|Any CPU
		{4EB3F0AA-61D2-4CCE-AA6B-18D054F3FDB5}.Release|Any CPU.ActiveCfg = Release|Any CPU
		{4EB3F0AA-61D2-4CCE-AA6B-18D054F3FDB5}.Release|Any CPU.Build.0 = Release|Any CPU
	EndGlobalSection
	GlobalSection(SolutionProperties) = preSolution
		HideSolutionNode = FALSE
	EndGlobalSection
	GlobalSection(ExtensibilityGlobals) = postSolution
		SolutionGuid = {E33BDDAA-9480-43AE-AC34-F7FD1FC6038F}
	EndGlobalSection
EndGlobal
