
Microsoft Visual Studio Solution File, Format Version 12.00
# Visual Studio Version 17
VisualStudioVersion = 17.8.34525.116
MinimumVisualStudioVersion = 10.0.40219.1
Project("{FAE04EC0-301F-11D3-BF4B-00C04F79EFBC}") = "BinarySearch10", "BinarySearch10\BinarySearch10.csproj", "{B335117B-A2C2-4430-8B94-5C6EC274F646}"
EndProject
Global
	GlobalSection(SolutionConfigurationPlatforms) = preSolution
		Debug|Any CPU = Debug|Any CPU
		Release|Any CPU = Release|Any CPU
	EndGlobalSection
	GlobalSection(ProjectConfigurationPlatforms) = postSolution
		{B335117B-A2C2-4430-8B94-5C6EC274F646}.Debug|Any CPU.ActiveCfg = Debug|Any CPU
		{B335117B-A2C2-4430-8B94-5C6EC274F646}.Debug|Any CPU.Build.0 = Debug|Any CPU
		{B335117B-A2C2-4430-8B94-5C6EC274F646}.Release|Any CPU.ActiveCfg = Release|Any CPU
		{B335117B-A2C2-4430-8B94-5C6EC274F646}.Release|Any CPU.Build.0 = Release|Any CPU
	EndGlobalSection
	GlobalSection(SolutionProperties) = preSolution
		HideSolutionNode = FALSE
	EndGlobalSection
	GlobalSection(ExtensibilityGlobals) = postSolution
		SolutionGuid = {D5E5BEDD-DAC8-4441-B0DC-3E03E74A05BB}
	EndGlobalSection
EndGlobal
