
Microsoft Visual Studio Solution File, Format Version 12.00
# Visual Studio Version 17
VisualStudioVersion = 17.8.34525.116
MinimumVisualStudioVersion = 10.0.40219.1
Project("{FAE04EC0-301F-11D3-BF4B-00C04F79EFBC}") = "Task5", "Task5\Task5.csproj", "{B2C1C83D-1E7A-4E48-854A-DC09FD61708C}"
EndProject
Global
	GlobalSection(SolutionConfigurationPlatforms) = preSolution
		Debug|Any CPU = Debug|Any CPU
		Release|Any CPU = Release|Any CPU
	EndGlobalSection
	GlobalSection(ProjectConfigurationPlatforms) = postSolution
		{B2C1C83D-1E7A-4E48-854A-DC09FD61708C}.Debug|Any CPU.ActiveCfg = Debug|Any CPU
		{B2C1C83D-1E7A-4E48-854A-DC09FD61708C}.Debug|Any CPU.Build.0 = Debug|Any CPU
		{B2C1C83D-1E7A-4E48-854A-DC09FD61708C}.Release|Any CPU.ActiveCfg = Release|Any CPU
		{B2C1C83D-1E7A-4E48-854A-DC09FD61708C}.Release|Any CPU.Build.0 = Release|Any CPU
	EndGlobalSection
	GlobalSection(SolutionProperties) = preSolution
		HideSolutionNode = FALSE
	EndGlobalSection
	GlobalSection(ExtensibilityGlobals) = postSolution
		SolutionGuid = {7564B971-1333-4509-B540-BAF16CF99705}
	EndGlobalSection
EndGlobal
