
Microsoft Visual Studio Solution File, Format Version 12.00
# Visual Studio Version 17
VisualStudioVersion = 17.8.34525.116
MinimumVisualStudioVersion = 10.0.40219.1
Project("{FAE04EC0-301F-11D3-BF4B-00C04F79EFBC}") = "BinarySort9", "BinarySort9\BinarySort9.csproj", "{EF7DA081-1F7A-469D-BADF-2C710D431CEC}"
EndProject
Global
	GlobalSection(SolutionConfigurationPlatforms) = preSolution
		Debug|Any CPU = Debug|Any CPU
		Release|Any CPU = Release|Any CPU
	EndGlobalSection
	GlobalSection(ProjectConfigurationPlatforms) = postSolution
		{EF7DA081-1F7A-469D-BADF-2C710D431CEC}.Debug|Any CPU.ActiveCfg = Debug|Any CPU
		{EF7DA081-1F7A-469D-BADF-2C710D431CEC}.Debug|Any CPU.Build.0 = Debug|Any CPU
		{EF7DA081-1F7A-469D-BADF-2C710D431CEC}.Release|Any CPU.ActiveCfg = Release|Any CPU
		{EF7DA081-1F7A-469D-BADF-2C710D431CEC}.Release|Any CPU.Build.0 = Release|Any CPU
	EndGlobalSection
	GlobalSection(SolutionProperties) = preSolution
		HideSolutionNode = FALSE
	EndGlobalSection
	GlobalSection(ExtensibilityGlobals) = postSolution
		SolutionGuid = {B71F0935-390D-46A3-904D-E52A6352C5FF}
	EndGlobalSection
EndGlobal
