
Microsoft Visual Studio Solution File, Format Version 12.00
# Visual Studio Version 17
VisualStudioVersion = 17.8.34525.116
MinimumVisualStudioVersion = 10.0.40219.1
Project("{FAE04EC0-301F-11D3-BF4B-00C04F79EFBC}") = "Task5", "Task5\Task5.csproj", "{8B4C3AF4-C2C4-4FEF-9261-92284DA88487}"
EndProject
Global
	GlobalSection(SolutionConfigurationPlatforms) = preSolution
		Debug|Any CPU = Debug|Any CPU
		Release|Any CPU = Release|Any CPU
	EndGlobalSection
	GlobalSection(ProjectConfigurationPlatforms) = postSolution
		{8B4C3AF4-C2C4-4FEF-9261-92284DA88487}.Debug|Any CPU.ActiveCfg = Debug|Any CPU
		{8B4C3AF4-C2C4-4FEF-9261-92284DA88487}.Debug|Any CPU.Build.0 = Debug|Any CPU
		{8B4C3AF4-C2C4-4FEF-9261-92284DA88487}.Release|Any CPU.ActiveCfg = Release|Any CPU
		{8B4C3AF4-C2C4-4FEF-9261-92284DA88487}.Release|Any CPU.Build.0 = Release|Any CPU
	EndGlobalSection
	GlobalSection(SolutionProperties) = preSolution
		HideSolutionNode = FALSE
	EndGlobalSection
	GlobalSection(ExtensibilityGlobals) = postSolution
		SolutionGuid = {0BE1B905-6CF6-42A7-9E47-EE70CBB9F247}
	EndGlobalSection
EndGlobal
