
Microsoft Visual Studio Solution File, Format Version 12.00
# Visual Studio Version 17
VisualStudioVersion = 17.8.34525.116
MinimumVisualStudioVersion = 10.0.40219.1
Project("{FAE04EC0-301F-11D3-BF4B-00C04F79EFBC}") = "Task4", "Task4\Task4.csproj", "{6865E28E-9880-40E8-A6FF-D4714A877B4F}"
EndProject
Project("{FAE04EC0-301F-11D3-BF4B-00C04F79EFBC}") = "Benchmarks", "Benchmarks\Benchmarks.csproj", "{9648A38F-C659-4AE1-A7F9-D00192EA9D06}"
EndProject
Global
	GlobalSection(SolutionConfigurationPlatforms) = preSolution
		Debug|Any CPU = Debug|Any CPU
		Release|Any CPU = Release|Any CPU
	EndGlobalSection
	GlobalSection(ProjectConfigurationPlatforms) = postSolution
		{6865E28E-9880-40E8-A6FF-D4714A877B4F}.Debug|Any CPU.ActiveCfg = Debug|Any CPU
		{6865E28E-9880-40E8-A6FF-D4714A877B4F}.Debug|Any CPU.Build.0 = Debug|Any CPU
		{6865E28E-9880-40E8-A6FF-D4714A877B4F}.Release|Any CPU.ActiveCfg = Release|Any CPU
		{6865E28E-9880-40E8-A6FF-D4714A877B4F}.Release|Any CPU.Build.0 = Release|Any CPU
		{9648A38F-C659-4AE1-A7F9-D00192EA9D06}.Debug|Any CPU.ActiveCfg = Debug|Any CPU
		{9648A38F-C659-4AE1-A7F9-D00192EA9D06}.Debug|Any CPU.Build.0 = Debug|Any CPU
		{9648A38F-C659-4AE1-A7F9-D00192EA9D06}.Release|Any CPU.ActiveCfg = Release|Any CPU
		{9648A38F-C659-4AE1-A7F9-D00192EA9D06}.Release|Any CPU.Build.0 = Release|Any CPU
	EndGlobalSection
	GlobalSection(SolutionProperties) = preSolution
		HideSolutionNode = FALSE
	EndGlobalSection
	GlobalSection(ExtensibilityGlobals) = postSolution
		SolutionGuid = {37599B7D-B1ED-41BF-B5C5-A0796A39D215}
	EndGlobalSection
EndGlobal
