
Microsoft Visual Studio Solution File, Format Version 12.00
# Visual Studio Version 17
VisualStudioVersion = 17.8.34525.116
MinimumVisualStudioVersion = 10.0.40219.1
Project("{FAE04EC0-301F-11D3-BF4B-00C04F79EFBC}") = "Task6", "Task6\Task6.csproj", "{DD900AD2-673C-4F74-98E9-219B51A6AE52}"
EndProject
Global
	GlobalSection(SolutionConfigurationPlatforms) = preSolution
		Debug|Any CPU = Debug|Any CPU
		Release|Any CPU = Release|Any CPU
	EndGlobalSection
	GlobalSection(ProjectConfigurationPlatforms) = postSolution
		{DD900AD2-673C-4F74-98E9-219B51A6AE52}.Debug|Any CPU.ActiveCfg = Debug|Any CPU
		{DD900AD2-673C-4F74-98E9-219B51A6AE52}.Debug|Any CPU.Build.0 = Debug|Any CPU
		{DD900AD2-673C-4F74-98E9-219B51A6AE52}.Release|Any CPU.ActiveCfg = Release|Any CPU
		{DD900AD2-673C-4F74-98E9-219B51A6AE52}.Release|Any CPU.Build.0 = Release|Any CPU
	EndGlobalSection
	GlobalSection(SolutionProperties) = preSolution
		HideSolutionNode = FALSE
	EndGlobalSection
	GlobalSection(ExtensibilityGlobals) = postSolution
		SolutionGuid = {D3A7274F-0DE9-40EF-8A82-25D312CC2EB0}
	EndGlobalSection
EndGlobal
