
Microsoft Visual Studio Solution File, Format Version 12.00
# Visual Studio Version 17
VisualStudioVersion = 17.8.34525.116
MinimumVisualStudioVersion = 10.0.40219.1
Project("{FAE04EC0-301F-11D3-BF4B-00C04F79EFBC}") = "Task1", "Task1\Task1.csproj", "{B69C49C9-8589-4555-A3D5-293FC8C67E8F}"
EndProject
Global
	GlobalSection(SolutionConfigurationPlatforms) = preSolution
		Debug|Any CPU = Debug|Any CPU
		Release|Any CPU = Release|Any CPU
	EndGlobalSection
	GlobalSection(ProjectConfigurationPlatforms) = postSolution
		{B69C49C9-8589-4555-A3D5-293FC8C67E8F}.Debug|Any CPU.ActiveCfg = Debug|Any CPU
		{B69C49C9-8589-4555-A3D5-293FC8C67E8F}.Debug|Any CPU.Build.0 = Debug|Any CPU
		{B69C49C9-8589-4555-A3D5-293FC8C67E8F}.Release|Any CPU.ActiveCfg = Release|Any CPU
		{B69C49C9-8589-4555-A3D5-293FC8C67E8F}.Release|Any CPU.Build.0 = Release|Any CPU
	EndGlobalSection
	GlobalSection(SolutionProperties) = preSolution
		HideSolutionNode = FALSE
	EndGlobalSection
	GlobalSection(ExtensibilityGlobals) = postSolution
		SolutionGuid = {769A1E3C-B883-4BB8-938D-58BEBB987851}
	EndGlobalSection
EndGlobal
