
Microsoft Visual Studio Solution File, Format Version 12.00
# Visual Studio Version 17
VisualStudioVersion = 17.8.34525.116
MinimumVisualStudioVersion = 10.0.40219.1
Project("{FAE04EC0-301F-11D3-BF4B-00C04F79EFBC}") = "Task2", "Task2\Task2.csproj", "{92D22F8D-90A1-4BF9-B29C-A8192431BEC1}"
EndProject
Global
	GlobalSection(SolutionConfigurationPlatforms) = preSolution
		Debug|Any CPU = Debug|Any CPU
		Release|Any CPU = Release|Any CPU
	EndGlobalSection
	GlobalSection(ProjectConfigurationPlatforms) = postSolution
		{92D22F8D-90A1-4BF9-B29C-A8192431BEC1}.Debug|Any CPU.ActiveCfg = Debug|Any CPU
		{92D22F8D-90A1-4BF9-B29C-A8192431BEC1}.Debug|Any CPU.Build.0 = Debug|Any CPU
		{92D22F8D-90A1-4BF9-B29C-A8192431BEC1}.Release|Any CPU.ActiveCfg = Release|Any CPU
		{92D22F8D-90A1-4BF9-B29C-A8192431BEC1}.Release|Any CPU.Build.0 = Release|Any CPU
	EndGlobalSection
	GlobalSection(SolutionProperties) = preSolution
		HideSolutionNode = FALSE
	EndGlobalSection
	GlobalSection(ExtensibilityGlobals) = postSolution
		SolutionGuid = {A286B779-101F-4945-A899-342080C9B88C}
	EndGlobalSection
EndGlobal
