
Microsoft Visual Studio Solution File, Format Version 12.00
# Visual Studio Version 17
VisualStudioVersion = 17.8.34525.116
MinimumVisualStudioVersion = 10.0.40219.1
Project("{FAE04EC0-301F-11D3-BF4B-00C04F79EFBC}") = "Task3", "Task3\Task3.csproj", "{89A2504B-598E-4301-B187-B86E752A84CF}"
EndProject
Global
	GlobalSection(SolutionConfigurationPlatforms) = preSolution
		Debug|Any CPU = Debug|Any CPU
		Release|Any CPU = Release|Any CPU
	EndGlobalSection
	GlobalSection(ProjectConfigurationPlatforms) = postSolution
		{89A2504B-598E-4301-B187-B86E752A84CF}.Debug|Any CPU.ActiveCfg = Debug|Any CPU
		{89A2504B-598E-4301-B187-B86E752A84CF}.Debug|Any CPU.Build.0 = Debug|Any CPU
		{89A2504B-598E-4301-B187-B86E752A84CF}.Release|Any CPU.ActiveCfg = Release|Any CPU
		{89A2504B-598E-4301-B187-B86E752A84CF}.Release|Any CPU.Build.0 = Release|Any CPU
	EndGlobalSection
	GlobalSection(SolutionProperties) = preSolution
		HideSolutionNode = FALSE
	EndGlobalSection
	GlobalSection(ExtensibilityGlobals) = postSolution
		SolutionGuid = {06799AEA-2368-4AEB-AF93-8754D221934A}
	EndGlobalSection
EndGlobal
