
Microsoft Visual Studio Solution File, Format Version 12.00
# Visual Studio Version 17
VisualStudioVersion = 17.8.34525.116
MinimumVisualStudioVersion = 10.0.40219.1
Project("{FAE04EC0-301F-11D3-BF4B-00C04F79EFBC}") = "BinarySearch4", "BinarySearch4\BinarySearch4.csproj", "{C0CD27D3-22CE-413B-B04D-428A8DEA2EC3}"
EndProject
Global
	GlobalSection(SolutionConfigurationPlatforms) = preSolution
		Debug|Any CPU = Debug|Any CPU
		Release|Any CPU = Release|Any CPU
	EndGlobalSection
	GlobalSection(ProjectConfigurationPlatforms) = postSolution
		{C0CD27D3-22CE-413B-B04D-428A8DEA2EC3}.Debug|Any CPU.ActiveCfg = Debug|Any CPU
		{C0CD27D3-22CE-413B-B04D-428A8DEA2EC3}.Debug|Any CPU.Build.0 = Debug|Any CPU
		{C0CD27D3-22CE-413B-B04D-428A8DEA2EC3}.Release|Any CPU.ActiveCfg = Release|Any CPU
		{C0CD27D3-22CE-413B-B04D-428A8DEA2EC3}.Release|Any CPU.Build.0 = Release|Any CPU
	EndGlobalSection
	GlobalSection(SolutionProperties) = preSolution
		HideSolutionNode = FALSE
	EndGlobalSection
	GlobalSection(ExtensibilityGlobals) = postSolution
		SolutionGuid = {999729B6-7ADE-4514-998D-CEB0B6967CD9}
	EndGlobalSection
EndGlobal
